
Microsoft Visual Studio Solution File, Format Version 12.00
# Visual Studio Version 16
VisualStudioVersion = 16.0.29311.281
MinimumVisualStudioVersion = 10.0.40219.1
Project("{9A19103F-16F7-4668-BE54-9A1E7A4F7556}") = "MyVet.Common", "MyVet.Common\MyVet.Common.csproj", "{15B08BD4-A84E-40EE-BEBB-4826FA7DAC12}"
EndProject
Project("{9A19103F-16F7-4668-BE54-9A1E7A4F7556}") = "MyVet.Web", "MyVet.Web\MyVet.Web.csproj", "{53274C45-828C-410F-8BD1-51F3FC7DC7FF}"
EndProject
Project("{9A19103F-16F7-4668-BE54-9A1E7A4F7556}") = "MyVet.Prism", "MyVet.Prism\MyVet.Prism\MyVet.Prism.csproj", "{1261412A-00F3-474D-9366-0C06D93B9CDF}"
EndProject
Project("{FAE04EC0-301F-11D3-BF4B-00C04F79EFBC}") = "MyVet.Prism.Android", "MyVet.Prism\MyVet.Prism.Android\MyVet.Prism.Android.csproj", "{C01863DC-85DB-4C28-943F-39E7823F8363}"
EndProject
Project("{FAE04EC0-301F-11D3-BF4B-00C04F79EFBC}") = "MyVet.Prism.iOS", "MyVet.Prism\MyVet.Prism.iOS\MyVet.Prism.iOS.csproj", "{6BF3A7A9-4A64-4B9A-9A5E-4DD2E7769ECB}"
EndProject
Global
	GlobalSection(SolutionConfigurationPlatforms) = preSolution
		Ad-Hoc|Any CPU = Ad-Hoc|Any CPU
		Ad-Hoc|ARM = Ad-Hoc|ARM
		Ad-Hoc|iPhone = Ad-Hoc|iPhone
		Ad-Hoc|iPhoneSimulator = Ad-Hoc|iPhoneSimulator
		Ad-Hoc|x64 = Ad-Hoc|x64
		Ad-Hoc|x86 = Ad-Hoc|x86
		AppStore|Any CPU = AppStore|Any CPU
		AppStore|ARM = AppStore|ARM
		AppStore|iPhone = AppStore|iPhone
		AppStore|iPhoneSimulator = AppStore|iPhoneSimulator
		AppStore|x64 = AppStore|x64
		AppStore|x86 = AppStore|x86
		Debug|Any CPU = Debug|Any CPU
		Debug|ARM = Debug|ARM
		Debug|iPhone = Debug|iPhone
		Debug|iPhoneSimulator = Debug|iPhoneSimulator
		Debug|x64 = Debug|x64
		Debug|x86 = Debug|x86
		Release|Any CPU = Release|Any CPU
		Release|ARM = Release|ARM
		Release|iPhone = Release|iPhone
		Release|iPhoneSimulator = Release|iPhoneSimulator
		Release|x64 = Release|x64
		Release|x86 = Release|x86
	EndGlobalSection
	GlobalSection(ProjectConfigurationPlatforms) = postSolution
		{15B08BD4-A84E-40EE-BEBB-4826FA7DAC12}.Ad-Hoc|Any CPU.ActiveCfg = Release|Any CPU
		{15B08BD4-A84E-40EE-BEBB-4826FA7DAC12}.Ad-Hoc|Any CPU.Build.0 = Release|Any CPU
		{15B08BD4-A84E-40EE-BEBB-4826FA7DAC12}.Ad-Hoc|ARM.ActiveCfg = Release|Any CPU
		{15B08BD4-A84E-40EE-BEBB-4826FA7DAC12}.Ad-Hoc|ARM.Build.0 = Release|Any CPU
		{15B08BD4-A84E-40EE-BEBB-4826FA7DAC12}.Ad-Hoc|iPhone.ActiveCfg = Release|Any CPU
		{15B08BD4-A84E-40EE-BEBB-4826FA7DAC12}.Ad-Hoc|iPhone.Build.0 = Release|Any CPU
		{15B08BD4-A84E-40EE-BEBB-4826FA7DAC12}.Ad-Hoc|iPhoneSimulator.ActiveCfg = Release|Any CPU
		{15B08BD4-A84E-40EE-BEBB-4826FA7DAC12}.Ad-Hoc|iPhoneSimulator.Build.0 = Release|Any CPU
		{15B08BD4-A84E-40EE-BEBB-4826FA7DAC12}.Ad-Hoc|x64.ActiveCfg = Release|Any CPU
		{15B08BD4-A84E-40EE-BEBB-4826FA7DAC12}.Ad-Hoc|x64.Build.0 = Release|Any CPU
		{15B08BD4-A84E-40EE-BEBB-4826FA7DAC12}.Ad-Hoc|x86.ActiveCfg = Release|Any CPU
		{15B08BD4-A84E-40EE-BEBB-4826FA7DAC12}.Ad-Hoc|x86.Build.0 = Release|Any CPU
		{15B08BD4-A84E-40EE-BEBB-4826FA7DAC12}.AppStore|Any CPU.ActiveCfg = Release|Any CPU
		{15B08BD4-A84E-40EE-BEBB-4826FA7DAC12}.AppStore|Any CPU.Build.0 = Release|Any CPU
		{15B08BD4-A84E-40EE-BEBB-4826FA7DAC12}.AppStore|ARM.ActiveCfg = Release|Any CPU
		{15B08BD4-A84E-40EE-BEBB-4826FA7DAC12}.AppStore|ARM.Build.0 = Release|Any CPU
		{15B08BD4-A84E-40EE-BEBB-4826FA7DAC12}.AppStore|iPhone.ActiveCfg = Release|Any CPU
		{15B08BD4-A84E-40EE-BEBB-4826FA7DAC12}.AppStore|iPhone.Build.0 = Release|Any CPU
		{15B08BD4-A84E-40EE-BEBB-4826FA7DAC12}.AppStore|iPhoneSimulator.ActiveCfg = Release|Any CPU
		{15B08BD4-A84E-40EE-BEBB-4826FA7DAC12}.AppStore|iPhoneSimulator.Build.0 = Release|Any CPU
		{15B08BD4-A84E-40EE-BEBB-4826FA7DAC12}.AppStore|x64.ActiveCfg = Release|Any CPU
		{15B08BD4-A84E-40EE-BEBB-4826FA7DAC12}.AppStore|x64.Build.0 = Release|Any CPU
		{15B08BD4-A84E-40EE-BEBB-4826FA7DAC12}.AppStore|x86.ActiveCfg = Release|Any CPU
		{15B08BD4-A84E-40EE-BEBB-4826FA7DAC12}.AppStore|x86.Build.0 = Release|Any CPU
		{15B08BD4-A84E-40EE-BEBB-4826FA7DAC12}.Debug|Any CPU.ActiveCfg = Debug|Any CPU
		{15B08BD4-A84E-40EE-BEBB-4826FA7DAC12}.Debug|Any CPU.Build.0 = Debug|Any CPU
		{15B08BD4-A84E-40EE-BEBB-4826FA7DAC12}.Debug|ARM.ActiveCfg = Debug|Any CPU
		{15B08BD4-A84E-40EE-BEBB-4826FA7DAC12}.Debug|ARM.Build.0 = Debug|Any CPU
		{15B08BD4-A84E-40EE-BEBB-4826FA7DAC12}.Debug|iPhone.ActiveCfg = Debug|Any CPU
		{15B08BD4-A84E-40EE-BEBB-4826FA7DAC12}.Debug|iPhone.Build.0 = Debug|Any CPU
		{15B08BD4-A84E-40EE-BEBB-4826FA7DAC12}.Debug|iPhoneSimulator.ActiveCfg = Debug|Any CPU
		{15B08BD4-A84E-40EE-BEBB-4826FA7DAC12}.Debug|iPhoneSimulator.Build.0 = Debug|Any CPU
		{15B08BD4-A84E-40EE-BEBB-4826FA7DAC12}.Debug|x64.ActiveCfg = Debug|Any CPU
		{15B08BD4-A84E-40EE-BEBB-4826FA7DAC12}.Debug|x64.Build.0 = Debug|Any CPU
		{15B08BD4-A84E-40EE-BEBB-4826FA7DAC12}.Debug|x86.ActiveCfg = Debug|Any CPU
		{15B08BD4-A84E-40EE-BEBB-4826FA7DAC12}.Debug|x86.Build.0 = Debug|Any CPU
		{15B08BD4-A84E-40EE-BEBB-4826FA7DAC12}.Release|Any CPU.ActiveCfg = Release|Any CPU
		{15B08BD4-A84E-40EE-BEBB-4826FA7DAC12}.Release|Any CPU.Build.0 = Release|Any CPU
		{15B08BD4-A84E-40EE-BEBB-4826FA7DAC12}.Release|ARM.ActiveCfg = Release|Any CPU
		{15B08BD4-A84E-40EE-BEBB-4826FA7DAC12}.Release|ARM.Build.0 = Release|Any CPU
		{15B08BD4-A84E-40EE-BEBB-4826FA7DAC12}.Release|iPhone.ActiveCfg = Release|Any CPU
		{15B08BD4-A84E-40EE-BEBB-4826FA7DAC12}.Release|iPhone.Build.0 = Release|Any CPU
		{15B08BD4-A84E-40EE-BEBB-4826FA7DAC12}.Release|iPhoneSimulator.ActiveCfg = Release|Any CPU
		{15B08BD4-A84E-40EE-BEBB-4826FA7DAC12}.Release|iPhoneSimulator.Build.0 = Release|Any CPU
		{15B08BD4-A84E-40EE-BEBB-4826FA7DAC12}.Release|x64.ActiveCfg = Release|Any CPU
		{15B08BD4-A84E-40EE-BEBB-4826FA7DAC12}.Release|x64.Build.0 = Release|Any CPU
		{15B08BD4-A84E-40EE-BEBB-4826FA7DAC12}.Release|x86.ActiveCfg = Release|Any CPU
		{15B08BD4-A84E-40EE-BEBB-4826FA7DAC12}.Release|x86.Build.0 = Release|Any CPU
		{53274C45-828C-410F-8BD1-51F3FC7DC7FF}.Ad-Hoc|Any CPU.ActiveCfg = Release|Any CPU
		{53274C45-828C-410F-8BD1-51F3FC7DC7FF}.Ad-Hoc|Any CPU.Build.0 = Release|Any CPU
		{53274C45-828C-410F-8BD1-51F3FC7DC7FF}.Ad-Hoc|ARM.ActiveCfg = Release|Any CPU
		{53274C45-828C-410F-8BD1-51F3FC7DC7FF}.Ad-Hoc|ARM.Build.0 = Release|Any CPU
		{53274C45-828C-410F-8BD1-51F3FC7DC7FF}.Ad-Hoc|iPhone.ActiveCfg = Release|Any CPU
		{53274C45-828C-410F-8BD1-51F3FC7DC7FF}.Ad-Hoc|iPhone.Build.0 = Release|Any CPU
		{53274C45-828C-410F-8BD1-51F3FC7DC7FF}.Ad-Hoc|iPhoneSimulator.ActiveCfg = Release|Any CPU
		{53274C45-828C-410F-8BD1-51F3FC7DC7FF}.Ad-Hoc|iPhoneSimulator.Build.0 = Release|Any CPU
		{53274C45-828C-410F-8BD1-51F3FC7DC7FF}.Ad-Hoc|x64.ActiveCfg = Release|Any CPU
		{53274C45-828C-410F-8BD1-51F3FC7DC7FF}.Ad-Hoc|x64.Build.0 = Release|Any CPU
		{53274C45-828C-410F-8BD1-51F3FC7DC7FF}.Ad-Hoc|x86.ActiveCfg = Release|Any CPU
		{53274C45-828C-410F-8BD1-51F3FC7DC7FF}.Ad-Hoc|x86.Build.0 = Release|Any CPU
		{53274C45-828C-410F-8BD1-51F3FC7DC7FF}.AppStore|Any CPU.ActiveCfg = Release|Any CPU
		{53274C45-828C-410F-8BD1-51F3FC7DC7FF}.AppStore|Any CPU.Build.0 = Release|Any CPU
		{53274C45-828C-410F-8BD1-51F3FC7DC7FF}.AppStore|ARM.ActiveCfg = Release|Any CPU
		{53274C45-828C-410F-8BD1-51F3FC7DC7FF}.AppStore|ARM.Build.0 = Release|Any CPU
		{53274C45-828C-410F-8BD1-51F3FC7DC7FF}.AppStore|iPhone.ActiveCfg = Release|Any CPU
		{53274C45-828C-410F-8BD1-51F3FC7DC7FF}.AppStore|iPhone.Build.0 = Release|Any CPU
		{53274C45-828C-410F-8BD1-51F3FC7DC7FF}.AppStore|iPhoneSimulator.ActiveCfg = Release|Any CPU
		{53274C45-828C-410F-8BD1-51F3FC7DC7FF}.AppStore|iPhoneSimulator.Build.0 = Release|Any CPU
		{53274C45-828C-410F-8BD1-51F3FC7DC7FF}.AppStore|x64.ActiveCfg = Release|Any CPU
		{53274C45-828C-410F-8BD1-51F3FC7DC7FF}.AppStore|x64.Build.0 = Release|Any CPU
		{53274C45-828C-410F-8BD1-51F3FC7DC7FF}.AppStore|x86.ActiveCfg = Release|Any CPU
		{53274C45-828C-410F-8BD1-51F3FC7DC7FF}.AppStore|x86.Build.0 = Release|Any CPU
		{53274C45-828C-410F-8BD1-51F3FC7DC7FF}.Debug|Any CPU.ActiveCfg = Debug|Any CPU
		{53274C45-828C-410F-8BD1-51F3FC7DC7FF}.Debug|Any CPU.Build.0 = Debug|Any CPU
		{53274C45-828C-410F-8BD1-51F3FC7DC7FF}.Debug|ARM.ActiveCfg = Debug|Any CPU
		{53274C45-828C-410F-8BD1-51F3FC7DC7FF}.Debug|ARM.Build.0 = Debug|Any CPU
		{53274C45-828C-410F-8BD1-51F3FC7DC7FF}.Debug|iPhone.ActiveCfg = Debug|Any CPU
		{53274C45-828C-410F-8BD1-51F3FC7DC7FF}.Debug|iPhone.Build.0 = Debug|Any CPU
		{53274C45-828C-410F-8BD1-51F3FC7DC7FF}.Debug|iPhoneSimulator.ActiveCfg = Debug|Any CPU
		{53274C45-828C-410F-8BD1-51F3FC7DC7FF}.Debug|iPhoneSimulator.Build.0 = Debug|Any CPU
		{53274C45-828C-410F-8BD1-51F3FC7DC7FF}.Debug|x64.ActiveCfg = Debug|Any CPU
		{53274C45-828C-410F-8BD1-51F3FC7DC7FF}.Debug|x64.Build.0 = Debug|Any CPU
		{53274C45-828C-410F-8BD1-51F3FC7DC7FF}.Debug|x86.ActiveCfg = Debug|Any CPU
		{53274C45-828C-410F-8BD1-51F3FC7DC7FF}.Debug|x86.Build.0 = Debug|Any CPU
		{53274C45-828C-410F-8BD1-51F3FC7DC7FF}.Release|Any CPU.ActiveCfg = Release|Any CPU
		{53274C45-828C-410F-8BD1-51F3FC7DC7FF}.Release|Any CPU.Build.0 = Release|Any CPU
		{53274C45-828C-410F-8BD1-51F3FC7DC7FF}.Release|ARM.ActiveCfg = Release|Any CPU
		{53274C45-828C-410F-8BD1-51F3FC7DC7FF}.Release|ARM.Build.0 = Release|Any CPU
		{53274C45-828C-410F-8BD1-51F3FC7DC7FF}.Release|iPhone.ActiveCfg = Release|Any CPU
		{53274C45-828C-410F-8BD1-51F3FC7DC7FF}.Release|iPhone.Build.0 = Release|Any CPU
		{53274C45-828C-410F-8BD1-51F3FC7DC7FF}.Release|iPhoneSimulator.ActiveCfg = Release|Any CPU
		{53274C45-828C-410F-8BD1-51F3FC7DC7FF}.Release|iPhoneSimulator.Build.0 = Release|Any CPU
		{53274C45-828C-410F-8BD1-51F3FC7DC7FF}.Release|x64.ActiveCfg = Release|Any CPU
		{53274C45-828C-410F-8BD1-51F3FC7DC7FF}.Release|x64.Build.0 = Release|Any CPU
		{53274C45-828C-410F-8BD1-51F3FC7DC7FF}.Release|x86.ActiveCfg = Release|Any CPU
		{53274C45-828C-410F-8BD1-51F3FC7DC7FF}.Release|x86.Build.0 = Release|Any CPU
		{1261412A-00F3-474D-9366-0C06D93B9CDF}.Ad-Hoc|Any CPU.ActiveCfg = Debug|Any CPU
		{1261412A-00F3-474D-9366-0C06D93B9CDF}.Ad-Hoc|Any CPU.Build.0 = Debug|Any CPU
		{1261412A-00F3-474D-9366-0C06D93B9CDF}.Ad-Hoc|ARM.ActiveCfg = Debug|Any CPU
		{1261412A-00F3-474D-9366-0C06D93B9CDF}.Ad-Hoc|ARM.Build.0 = Debug|Any CPU
		{1261412A-00F3-474D-9366-0C06D93B9CDF}.Ad-Hoc|iPhone.ActiveCfg = Debug|Any CPU
		{1261412A-00F3-474D-9366-0C06D93B9CDF}.Ad-Hoc|iPhone.Build.0 = Debug|Any CPU
		{1261412A-00F3-474D-9366-0C06D93B9CDF}.Ad-Hoc|iPhoneSimulator.ActiveCfg = Debug|Any CPU
		{1261412A-00F3-474D-9366-0C06D93B9CDF}.Ad-Hoc|iPhoneSimulator.Build.0 = Debug|Any CPU
		{1261412A-00F3-474D-9366-0C06D93B9CDF}.Ad-Hoc|x64.ActiveCfg = Debug|Any CPU
		{1261412A-00F3-474D-9366-0C06D93B9CDF}.Ad-Hoc|x64.Build.0 = Debug|Any CPU
		{1261412A-00F3-474D-9366-0C06D93B9CDF}.Ad-Hoc|x86.ActiveCfg = Debug|Any CPU
		{1261412A-00F3-474D-9366-0C06D93B9CDF}.Ad-Hoc|x86.Build.0 = Debug|Any CPU
		{1261412A-00F3-474D-9366-0C06D93B9CDF}.AppStore|Any CPU.ActiveCfg = Debug|Any CPU
		{1261412A-00F3-474D-9366-0C06D93B9CDF}.AppStore|Any CPU.Build.0 = Debug|Any CPU
		{1261412A-00F3-474D-9366-0C06D93B9CDF}.AppStore|ARM.ActiveCfg = Debug|Any CPU
		{1261412A-00F3-474D-9366-0C06D93B9CDF}.AppStore|ARM.Build.0 = Debug|Any CPU
		{1261412A-00F3-474D-9366-0C06D93B9CDF}.AppStore|iPhone.ActiveCfg = Debug|Any CPU
		{1261412A-00F3-474D-9366-0C06D93B9CDF}.AppStore|iPhone.Build.0 = Debug|Any CPU
		{1261412A-00F3-474D-9366-0C06D93B9CDF}.AppStore|iPhoneSimulator.ActiveCfg = Debug|Any CPU
		{1261412A-00F3-474D-9366-0C06D93B9CDF}.AppStore|iPhoneSimulator.Build.0 = Debug|Any CPU
		{1261412A-00F3-474D-9366-0C06D93B9CDF}.AppStore|x64.ActiveCfg = Debug|Any CPU
		{1261412A-00F3-474D-9366-0C06D93B9CDF}.AppStore|x64.Build.0 = Debug|Any CPU
		{1261412A-00F3-474D-9366-0C06D93B9CDF}.AppStore|x86.ActiveCfg = Debug|Any CPU
		{1261412A-00F3-474D-9366-0C06D93B9CDF}.AppStore|x86.Build.0 = Debug|Any CPU
		{1261412A-00F3-474D-9366-0C06D93B9CDF}.Debug|Any CPU.ActiveCfg = Debug|Any CPU
		{1261412A-00F3-474D-9366-0C06D93B9CDF}.Debug|Any CPU.Build.0 = Debug|Any CPU
		{1261412A-00F3-474D-9366-0C06D93B9CDF}.Debug|ARM.ActiveCfg = Debug|Any CPU
		{1261412A-00F3-474D-9366-0C06D93B9CDF}.Debug|ARM.Build.0 = Debug|Any CPU
		{1261412A-00F3-474D-9366-0C06D93B9CDF}.Debug|iPhone.ActiveCfg = Debug|Any CPU
		{1261412A-00F3-474D-9366-0C06D93B9CDF}.Debug|iPhone.Build.0 = Debug|Any CPU
		{1261412A-00F3-474D-9366-0C06D93B9CDF}.Debug|iPhoneSimulator.ActiveCfg = Debug|Any CPU
		{1261412A-00F3-474D-9366-0C06D93B9CDF}.Debug|iPhoneSimulator.Build.0 = Debug|Any CPU
		{1261412A-00F3-474D-9366-0C06D93B9CDF}.Debug|x64.ActiveCfg = Debug|Any CPU
		{1261412A-00F3-474D-9366-0C06D93B9CDF}.Debug|x64.Build.0 = Debug|Any CPU
		{1261412A-00F3-474D-9366-0C06D93B9CDF}.Debug|x86.ActiveCfg = Debug|Any CPU
		{1261412A-00F3-474D-9366-0C06D93B9CDF}.Debug|x86.Build.0 = Debug|Any CPU
		{1261412A-00F3-474D-9366-0C06D93B9CDF}.Release|Any CPU.ActiveCfg = Release|Any CPU
		{1261412A-00F3-474D-9366-0C06D93B9CDF}.Release|Any CPU.Build.0 = Release|Any CPU
		{1261412A-00F3-474D-9366-0C06D93B9CDF}.Release|ARM.ActiveCfg = Release|Any CPU
		{1261412A-00F3-474D-9366-0C06D93B9CDF}.Release|ARM.Build.0 = Release|Any CPU
		{1261412A-00F3-474D-9366-0C06D93B9CDF}.Release|iPhone.ActiveCfg = Release|Any CPU
		{1261412A-00F3-474D-9366-0C06D93B9CDF}.Release|iPhone.Build.0 = Release|Any CPU
		{1261412A-00F3-474D-9366-0C06D93B9CDF}.Release|iPhoneSimulator.ActiveCfg = Release|Any CPU
		{1261412A-00F3-474D-9366-0C06D93B9CDF}.Release|iPhoneSimulator.Build.0 = Release|Any CPU
		{1261412A-00F3-474D-9366-0C06D93B9CDF}.Release|x64.ActiveCfg = Release|Any CPU
		{1261412A-00F3-474D-9366-0C06D93B9CDF}.Release|x64.Build.0 = Release|Any CPU
		{1261412A-00F3-474D-9366-0C06D93B9CDF}.Release|x86.ActiveCfg = Release|Any CPU
		{1261412A-00F3-474D-9366-0C06D93B9CDF}.Release|x86.Build.0 = Release|Any CPU
		{C01863DC-85DB-4C28-943F-39E7823F8363}.Ad-Hoc|Any CPU.ActiveCfg = Release|Any CPU
		{C01863DC-85DB-4C28-943F-39E7823F8363}.Ad-Hoc|Any CPU.Build.0 = Release|Any CPU
		{C01863DC-85DB-4C28-943F-39E7823F8363}.Ad-Hoc|Any CPU.Deploy.0 = Release|Any CPU
		{C01863DC-85DB-4C28-943F-39E7823F8363}.Ad-Hoc|ARM.ActiveCfg = Release|Any CPU
		{C01863DC-85DB-4C28-943F-39E7823F8363}.Ad-Hoc|ARM.Build.0 = Release|Any CPU
		{C01863DC-85DB-4C28-943F-39E7823F8363}.Ad-Hoc|ARM.Deploy.0 = Release|Any CPU
		{C01863DC-85DB-4C28-943F-39E7823F8363}.Ad-Hoc|iPhone.ActiveCfg = Release|Any CPU
		{C01863DC-85DB-4C28-943F-39E7823F8363}.Ad-Hoc|iPhone.Build.0 = Release|Any CPU
		{C01863DC-85DB-4C28-943F-39E7823F8363}.Ad-Hoc|iPhone.Deploy.0 = Release|Any CPU
		{C01863DC-85DB-4C28-943F-39E7823F8363}.Ad-Hoc|iPhoneSimulator.ActiveCfg = Release|Any CPU
		{C01863DC-85DB-4C28-943F-39E7823F8363}.Ad-Hoc|iPhoneSimulator.Build.0 = Release|Any CPU
		{C01863DC-85DB-4C28-943F-39E7823F8363}.Ad-Hoc|iPhoneSimulator.Deploy.0 = Release|Any CPU
		{C01863DC-85DB-4C28-943F-39E7823F8363}.Ad-Hoc|x64.ActiveCfg = Release|Any CPU
		{C01863DC-85DB-4C28-943F-39E7823F8363}.Ad-Hoc|x64.Build.0 = Release|Any CPU
		{C01863DC-85DB-4C28-943F-39E7823F8363}.Ad-Hoc|x64.Deploy.0 = Release|Any CPU
		{C01863DC-85DB-4C28-943F-39E7823F8363}.Ad-Hoc|x86.ActiveCfg = Release|Any CPU
		{C01863DC-85DB-4C28-943F-39E7823F8363}.Ad-Hoc|x86.Build.0 = Release|Any CPU
		{C01863DC-85DB-4C28-943F-39E7823F8363}.Ad-Hoc|x86.Deploy.0 = Release|Any CPU
		{C01863DC-85DB-4C28-943F-39E7823F8363}.AppStore|Any CPU.ActiveCfg = Release|Any CPU
		{C01863DC-85DB-4C28-943F-39E7823F8363}.AppStore|Any CPU.Build.0 = Release|Any CPU
		{C01863DC-85DB-4C28-943F-39E7823F8363}.AppStore|Any CPU.Deploy.0 = Release|Any CPU
		{C01863DC-85DB-4C28-943F-39E7823F8363}.AppStore|ARM.ActiveCfg = Release|Any CPU
		{C01863DC-85DB-4C28-943F-39E7823F8363}.AppStore|ARM.Build.0 = Release|Any CPU
		{C01863DC-85DB-4C28-943F-39E7823F8363}.AppStore|ARM.Deploy.0 = Release|Any CPU
		{C01863DC-85DB-4C28-943F-39E7823F8363}.AppStore|iPhone.ActiveCfg = Release|Any CPU
		{C01863DC-85DB-4C28-943F-39E7823F8363}.AppStore|iPhone.Build.0 = Release|Any CPU
		{C01863DC-85DB-4C28-943F-39E7823F8363}.AppStore|iPhone.Deploy.0 = Release|Any CPU
		{C01863DC-85DB-4C28-943F-39E7823F8363}.AppStore|iPhoneSimulator.ActiveCfg = Release|Any CPU
		{C01863DC-85DB-4C28-943F-39E7823F8363}.AppStore|iPhoneSimulator.Build.0 = Release|Any CPU
		{C01863DC-85DB-4C28-943F-39E7823F8363}.AppStore|iPhoneSimulator.Deploy.0 = Release|Any CPU
		{C01863DC-85DB-4C28-943F-39E7823F8363}.AppStore|x64.ActiveCfg = Release|Any CPU
		{C01863DC-85DB-4C28-943F-39E7823F8363}.AppStore|x64.Build.0 = Release|Any CPU
		{C01863DC-85DB-4C28-943F-39E7823F8363}.AppStore|x64.Deploy.0 = Release|Any CPU
		{C01863DC-85DB-4C28-943F-39E7823F8363}.AppStore|x86.ActiveCfg = Release|Any CPU
		{C01863DC-85DB-4C28-943F-39E7823F8363}.AppStore|x86.Build.0 = Release|Any CPU
		{C01863DC-85DB-4C28-943F-39E7823F8363}.AppStore|x86.Deploy.0 = Release|Any CPU
		{C01863DC-85DB-4C28-943F-39E7823F8363}.Debug|Any CPU.ActiveCfg = Debug|Any CPU
		{C01863DC-85DB-4C28-943F-39E7823F8363}.Debug|Any CPU.Build.0 = Debug|Any CPU
		{C01863DC-85DB-4C28-943F-39E7823F8363}.Debug|Any CPU.Deploy.0 = Debug|Any CPU
		{C01863DC-85DB-4C28-943F-39E7823F8363}.Debug|ARM.ActiveCfg = Debug|Any CPU
		{C01863DC-85DB-4C28-943F-39E7823F8363}.Debug|ARM.Build.0 = Debug|Any CPU
		{C01863DC-85DB-4C28-943F-39E7823F8363}.Debug|ARM.Deploy.0 = Debug|Any CPU
		{C01863DC-85DB-4C28-943F-39E7823F8363}.Debug|iPhone.ActiveCfg = Debug|Any CPU
		{C01863DC-85DB-4C28-943F-39E7823F8363}.Debug|iPhone.Build.0 = Debug|Any CPU
		{C01863DC-85DB-4C28-943F-39E7823F8363}.Debug|iPhone.Deploy.0 = Debug|Any CPU
		{C01863DC-85DB-4C28-943F-39E7823F8363}.Debug|iPhoneSimulator.ActiveCfg = Debug|Any CPU
		{C01863DC-85DB-4C28-943F-39E7823F8363}.Debug|iPhoneSimulator.Build.0 = Debug|Any CPU
		{C01863DC-85DB-4C28-943F-39E7823F8363}.Debug|iPhoneSimulator.Deploy.0 = Debug|Any CPU
		{C01863DC-85DB-4C28-943F-39E7823F8363}.Debug|x64.ActiveCfg = Debug|Any CPU
		{C01863DC-85DB-4C28-943F-39E7823F8363}.Debug|x64.Build.0 = Debug|Any CPU
		{C01863DC-85DB-4C28-943F-39E7823F8363}.Debug|x64.Deploy.0 = Debug|Any CPU
		{C01863DC-85DB-4C28-943F-39E7823F8363}.Debug|x86.ActiveCfg = Debug|Any CPU
		{C01863DC-85DB-4C28-943F-39E7823F8363}.Debug|x86.Build.0 = Debug|Any CPU
		{C01863DC-85DB-4C28-943F-39E7823F8363}.Debug|x86.Deploy.0 = Debug|Any CPU
		{C01863DC-85DB-4C28-943F-39E7823F8363}.Release|Any CPU.ActiveCfg = Release|Any CPU
		{C01863DC-85DB-4C28-943F-39E7823F8363}.Release|Any CPU.Build.0 = Release|Any CPU
		{C01863DC-85DB-4C28-943F-39E7823F8363}.Release|Any CPU.Deploy.0 = Release|Any CPU
		{C01863DC-85DB-4C28-943F-39E7823F8363}.Release|ARM.ActiveCfg = Release|Any CPU
		{C01863DC-85DB-4C28-943F-39E7823F8363}.Release|ARM.Build.0 = Release|Any CPU
		{C01863DC-85DB-4C28-943F-39E7823F8363}.Release|ARM.Deploy.0 = Release|Any CPU
		{C01863DC-85DB-4C28-943F-39E7823F8363}.Release|iPhone.ActiveCfg = Release|Any CPU
		{C01863DC-85DB-4C28-943F-39E7823F8363}.Release|iPhone.Build.0 = Release|Any CPU
		{C01863DC-85DB-4C28-943F-39E7823F8363}.Release|iPhone.Deploy.0 = Release|Any CPU
		{C01863DC-85DB-4C28-943F-39E7823F8363}.Release|iPhoneSimulator.ActiveCfg = Release|Any CPU
		{C01863DC-85DB-4C28-943F-39E7823F8363}.Release|iPhoneSimulator.Build.0 = Release|Any CPU
		{C01863DC-85DB-4C28-943F-39E7823F8363}.Release|iPhoneSimulator.Deploy.0 = Release|Any CPU
		{C01863DC-85DB-4C28-943F-39E7823F8363}.Release|x64.ActiveCfg = Release|Any CPU
		{C01863DC-85DB-4C28-943F-39E7823F8363}.Release|x64.Build.0 = Release|Any CPU
		{C01863DC-85DB-4C28-943F-39E7823F8363}.Release|x64.Deploy.0 = Release|Any CPU
		{C01863DC-85DB-4C28-943F-39E7823F8363}.Release|x86.ActiveCfg = Release|Any CPU
		{C01863DC-85DB-4C28-943F-39E7823F8363}.Release|x86.Build.0 = Release|Any CPU
		{C01863DC-85DB-4C28-943F-39E7823F8363}.Release|x86.Deploy.0 = Release|Any CPU
		{6BF3A7A9-4A64-4B9A-9A5E-4DD2E7769ECB}.Ad-Hoc|Any CPU.ActiveCfg = Ad-Hoc|iPhone
		{6BF3A7A9-4A64-4B9A-9A5E-4DD2E7769ECB}.Ad-Hoc|ARM.ActiveCfg = Ad-Hoc|iPhone
		{6BF3A7A9-4A64-4B9A-9A5E-4DD2E7769ECB}.Ad-Hoc|iPhone.ActiveCfg = Ad-Hoc|iPhone
		{6BF3A7A9-4A64-4B9A-9A5E-4DD2E7769ECB}.Ad-Hoc|iPhone.Build.0 = Ad-Hoc|iPhone
		{6BF3A7A9-4A64-4B9A-9A5E-4DD2E7769ECB}.Ad-Hoc|iPhoneSimulator.ActiveCfg = Ad-Hoc|iPhoneSimulator
		{6BF3A7A9-4A64-4B9A-9A5E-4DD2E7769ECB}.Ad-Hoc|iPhoneSimulator.Build.0 = Ad-Hoc|iPhoneSimulator
		{6BF3A7A9-4A64-4B9A-9A5E-4DD2E7769ECB}.Ad-Hoc|x64.ActiveCfg = Ad-Hoc|iPhone
		{6BF3A7A9-4A64-4B9A-9A5E-4DD2E7769ECB}.Ad-Hoc|x86.ActiveCfg = Ad-Hoc|iPhone
		{6BF3A7A9-4A64-4B9A-9A5E-4DD2E7769ECB}.AppStore|Any CPU.ActiveCfg = AppStore|iPhone
		{6BF3A7A9-4A64-4B9A-9A5E-4DD2E7769ECB}.AppStore|ARM.ActiveCfg = AppStore|iPhone
		{6BF3A7A9-4A64-4B9A-9A5E-4DD2E7769ECB}.AppStore|iPhone.ActiveCfg = AppStore|iPhone
		{6BF3A7A9-4A64-4B9A-9A5E-4DD2E7769ECB}.AppStore|iPhone.Build.0 = AppStore|iPhone
		{6BF3A7A9-4A64-4B9A-9A5E-4DD2E7769ECB}.AppStore|iPhoneSimulator.ActiveCfg = AppStore|iPhoneSimulator
		{6BF3A7A9-4A64-4B9A-9A5E-4DD2E7769ECB}.AppStore|iPhoneSimulator.Build.0 = AppStore|iPhoneSimulator
		{6BF3A7A9-4A64-4B9A-9A5E-4DD2E7769ECB}.AppStore|x64.ActiveCfg = AppStore|iPhone
		{6BF3A7A9-4A64-4B9A-9A5E-4DD2E7769ECB}.AppStore|x86.ActiveCfg = AppStore|iPhone
		{6BF3A7A9-4A64-4B9A-9A5E-4DD2E7769ECB}.Debug|Any CPU.ActiveCfg = Debug|iPhone
		{6BF3A7A9-4A64-4B9A-9A5E-4DD2E7769ECB}.Debug|ARM.ActiveCfg = Debug|iPhone
		{6BF3A7A9-4A64-4B9A-9A5E-4DD2E7769ECB}.Debug|iPhone.ActiveCfg = Debug|iPhone
		{6BF3A7A9-4A64-4B9A-9A5E-4DD2E7769ECB}.Debug|iPhone.Build.0 = Debug|iPhone
		{6BF3A7A9-4A64-4B9A-9A5E-4DD2E7769ECB}.Debug|iPhoneSimulator.ActiveCfg = Debug|iPhoneSimulator
		{6BF3A7A9-4A64-4B9A-9A5E-4DD2E7769ECB}.Debug|iPhoneSimulator.Build.0 = Debug|iPhoneSimulator
		{6BF3A7A9-4A64-4B9A-9A5E-4DD2E7769ECB}.Debug|x64.ActiveCfg = Debug|iPhone
		{6BF3A7A9-4A64-4B9A-9A5E-4DD2E7769ECB}.Debug|x86.ActiveCfg = Debug|iPhone
		{6BF3A7A9-4A64-4B9A-9A5E-4DD2E7769ECB}.Release|Any CPU.ActiveCfg = Release|iPhone
		{6BF3A7A9-4A64-4B9A-9A5E-4DD2E7769ECB}.Release|ARM.ActiveCfg = Release|iPhone
		{6BF3A7A9-4A64-4B9A-9A5E-4DD2E7769ECB}.Release|iPhone.ActiveCfg = Release|iPhone
		{6BF3A7A9-4A64-4B9A-9A5E-4DD2E7769ECB}.Release|iPhone.Build.0 = Release|iPhone
		{6BF3A7A9-4A64-4B9A-9A5E-4DD2E7769ECB}.Release|iPhoneSimulator.ActiveCfg = Release|iPhoneSimulator
		{6BF3A7A9-4A64-4B9A-9A5E-4DD2E7769ECB}.Release|iPhoneSimulator.Build.0 = Release|iPhoneSimulator
		{6BF3A7A9-4A64-4B9A-9A5E-4DD2E7769ECB}.Release|x64.ActiveCfg = Release|iPhone
		{6BF3A7A9-4A64-4B9A-9A5E-4DD2E7769ECB}.Release|x86.ActiveCfg = Release|iPhone
	EndGlobalSection
	GlobalSection(SolutionProperties) = preSolution
		HideSolutionNode = FALSE
	EndGlobalSection
	GlobalSection(ExtensibilityGlobals) = postSolution
		SolutionGuid = {440CE3C4-BD7B-48E4-ABF5-8A0F82311107}
	EndGlobalSection
EndGlobal
